// !$*UTF8*$!
{
	archiveVersion = 1;
	classes = {
	};
	objectVersion = 46;
	objects = {

/* Begin PBXBuildFile section */
		7473B7811B55EEAB00164963 /* AppDelegate.swift in Sources */ = {isa = PBXBuildFile; fileRef = 7473B7801B55EEAB00164963 /* AppDelegate.swift */; };
		7473B7881B55EEAB00164963 /* Images.xcassets in Resources */ = {isa = PBXBuildFile; fileRef = 7473B7871B55EEAB00164963 /* Images.xcassets */; };
		7473B78B1B55EEAB00164963 /* LaunchScreen.xib in Resources */ = {isa = PBXBuildFile; fileRef = 7473B7891B55EEAB00164963 /* LaunchScreen.xib */; };
		7473B7971B55EEAB00164963 /* LNSwift_3_Tests.swift in Sources */ = {isa = PBXBuildFile; fileRef = 7473B7961B55EEAB00164963 /* LNSwift_3_Tests.swift */; };
		7473B7A11B55F06700164963 /* FirstViewController.swift in Sources */ = {isa = PBXBuildFile; fileRef = 7473B7A01B55F06700164963 /* FirstViewController.swift */; };
		7473B7A31B55F07900164963 /* SecondViewController.swift in Sources */ = {isa = PBXBuildFile; fileRef = 7473B7A21B55F07900164963 /* SecondViewController.swift */; };
		7473B7A51B55F08600164963 /* ThirdViewController.swift in Sources */ = {isa = PBXBuildFile; fileRef = 7473B7A41B55F08600164963 /* ThirdViewController.swift */; };
		7473B7A91B55F0EF00164963 /* meishi@2x.png in Resources */ = {isa = PBXBuildFile; fileRef = 7473B7A61B55F0EF00164963 /* meishi@2x.png */; };
		7473B7AA1B55F0EF00164963 /* tuijian@2x.png in Resources */ = {isa = PBXBuildFile; fileRef = 7473B7A71B55F0EF00164963 /* tuijian@2x.png */; };
		7473B7AB1B55F0EF00164963 /* youji@2x.png in Resources */ = {isa = PBXBuildFile; fileRef = 7473B7A81B55F0EF00164963 /* youji@2x.png */; };
/* End PBXBuildFile section */

/* Begin PBXContainerItemProxy section */
		7473B7911B55EEAB00164963 /* PBXContainerItemProxy */ = {
			isa = PBXContainerItemProxy;
			containerPortal = 7473B7731B55EEAB00164963 /* Project object */;
			proxyType = 1;
			remoteGlobalIDString = 7473B77A1B55EEAB00164963;
			remoteInfo = "LNSwift(3)";
		};
/* End PBXContainerItemProxy section */

/* Begin PBXFileReference section */
		7473B77B1B55EEAB00164963 /* LNSwift(3).app */ = {isa = PBXFileReference; explicitFileType = wrapper.application; includeInIndex = 0; path = "LNSwift(3).app"; sourceTree = BUILT_PRODUCTS_DIR; };
		7473B77F1B55EEAB00164963 /* Info.plist */ = {isa = PBXFileReference; lastKnownFileType = text.plist.xml; path = Info.plist; sourceTree = "<group>"; };
		7473B7801B55EEAB00164963 /* AppDelegate.swift */ = {isa = PBXFileReference; lastKnownFileType = sourcecode.swift; path = AppDelegate.swift; sourceTree = "<group>"; };
		7473B7871B55EEAB00164963 /* Images.xcassets */ = {isa = PBXFileReference; lastKnownFileType = folder.assetcatalog; path = Images.xcassets; sourceTree = "<group>"; };
		7473B78A1B55EEAB00164963 /* Base */ = {isa = PBXFileReference; lastKnownFileType = file.xib; name = Base; path = Base.lproj/LaunchScreen.xib; sourceTree = "<group>"; };
		7473B7901B55EEAB00164963 /* LNSwift(3)Tests.xctest */ = {isa = PBXFileReference; explicitFileType = wrapper.cfbundle; includeInIndex = 0; path = "LNSwift(3)Tests.xctest"; sourceTree = BUILT_PRODUCTS_DIR; };
		7473B7951B55EEAB00164963 /* Info.plist */ = {isa = PBXFileReference; lastKnownFileType = text.plist.xml; path = Info.plist; sourceTree = "<group>"; };
		7473B7961B55EEAB00164963 /* LNSwift_3_Tests.swift */ = {isa = PBXFileReference; lastKnownFileType = sourcecode.swift; path = LNSwift_3_Tests.swift; sourceTree = "<group>"; };
		7473B7A01B55F06700164963 /* FirstViewController.swift */ = {isa = PBXFileReference; fileEncoding = 4; lastKnownFileType = sourcecode.swift; path = FirstViewController.swift; sourceTree = "<group>"; };
		7473B7A21B55F07900164963 /* SecondViewController.swift */ = {isa = PBXFileReference; fileEncoding = 4; lastKnownFileType = sourcecode.swift; path = SecondViewController.swift; sourceTree = "<group>"; };
		7473B7A41B55F08600164963 /* ThirdViewController.swift */ = {isa = PBXFileReference; fileEncoding = 4; lastKnownFileType = sourcecode.swift; path = ThirdViewController.swift; sourceTree = "<group>"; };
		7473B7A61B55F0EF00164963 /* meishi@2x.png */ = {isa = PBXFileReference; lastKnownFileType = image.png; path = "meishi@2x.png"; sourceTree = "<group>"; };
		7473B7A71B55F0EF00164963 /* tuijian@2x.png */ = {isa = PBXFileReference; lastKnownFileType = image.png; path = "tuijian@2x.png"; sourceTree = "<group>"; };
		7473B7A81B55F0EF00164963 /* youji@2x.png */ = {isa = PBXFileReference; lastKnownFileType = image.png; path = "youji@2x.png"; sourceTree = "<group>"; };
/* End PBXFileReference section */

/* Begin PBXFrameworksBuildPhase section */
		7473B7781B55EEAB00164963 /* Frameworks */ = {
			isa = PBXFrameworksBuildPhase;
			buildActionMask = 2147483647;
			files = (
			);
			runOnlyForDeploymentPostprocessing = 0;
		};
		7473B78D1B55EEAB00164963 /* Frameworks */ = {
			isa = PBXFrameworksBuildPhase;
			buildActionMask = 2147483647;
			files = (
			);
			runOnlyForDeploymentPostprocessing = 0;
		};
/* End PBXFrameworksBuildPhase section */

/* Begin PBXGroup section */
		7473B7721B55EEAB00164963 = {
			isa = PBXGroup;
			children = (
				7473B77D1B55EEAB00164963 /* LNSwift(3) */,
				7473B7931B55EEAB00164963 /* LNSwift(3)Tests */,
				7473B77C1B55EEAB00164963 /* Products */,
			);
			sourceTree = "<group>";
		};
		7473B77C1B55EEAB00164963 /* Products */ = {
			isa = PBXGroup;
			children = (
				7473B77B1B55EEAB00164963 /* LNSwift(3).app */,
				7473B7901B55EEAB00164963 /* LNSwift(3)Tests.xctest */,
			);
			name = Products;
			sourceTree = "<group>";
		};
		7473B77D1B55EEAB00164963 /* LNSwift(3) */ = {
			isa = PBXGroup;
			children = (
				7473B7801B55EEAB00164963 /* AppDelegate.swift */,
				7473B7A01B55F06700164963 /* FirstViewController.swift */,
				7473B7A21B55F07900164963 /* SecondViewController.swift */,
				7473B7A41B55F08600164963 /* ThirdViewController.swift */,
				7473B7871B55EEAB00164963 /* Images.xcassets */,
				7473B7891B55EEAB00164963 /* LaunchScreen.xib */,
				7473B77E1B55EEAB00164963 /* Supporting Files */,
			);
			path = "LNSwift(3)";
			sourceTree = "<group>";
		};
		7473B77E1B55EEAB00164963 /* Supporting Files */ = {
			isa = PBXGroup;
			children = (
				7473B7A61B55F0EF00164963 /* meishi@2x.png */,
				7473B7A71B55F0EF00164963 /* tuijian@2x.png */,
				7473B7A81B55F0EF00164963 /* youji@2x.png */,
				7473B77F1B55EEAB00164963 /* Info.plist */,
			);
			name = "Supporting Files";
			sourceTree = "<group>";
		};
		7473B7931B55EEAB00164963 /* LNSwift(3)Tests */ = {
			isa = PBXGroup;
			children = (
				7473B7961B55EEAB00164963 /* LNSwift_3_Tests.swift */,
				7473B7941B55EEAB00164963 /* Supporting Files */,
			);
			path = "LNSwift(3)Tests";
			sourceTree = "<group>";
		};
		7473B7941B55EEAB00164963 /* Supporting Files */ = {
			isa = PBXGroup;
			children = (
				7473B7951B55EEAB00164963 /* Info.plist */,
			);
			name = "Supporting Files";
			sourceTree = "<group>";
		};
/* End PBXGroup section */

/* Begin PBXNativeTarget section */
		7473B77A1B55EEAB00164963 /* LNSwift(3) */ = {
			isa = PBXNativeTarget;
			buildConfigurationList = 7473B79A1B55EEAB00164963 /* Build configuration list for PBXNativeTarget "LNSwift(3)" */;
			buildPhases = (
				7473B7771B55EEAB00164963 /* Sources */,
				7473B7781B55EEAB00164963 /* Frameworks */,
				7473B7791B55EEAB00164963 /* Resources */,
			);
			buildRules = (
			);
			dependencies = (
			);
			name = "LNSwift(3)";
			productName = "LNSwift(3)";
			productReference = 7473B77B1B55EEAB00164963 /* LNSwift(3).app */;
			productType = "com.apple.product-type.application";
		};
		7473B78F1B55EEAB00164963 /* LNSwift(3)Tests */ = {
			isa = PBXNativeTarget;
			buildConfigurationList = 7473B79D1B55EEAB00164963 /* Build configuration list for PBXNativeTarget "LNSwift(3)Tests" */;
			buildPhases = (
				7473B78C1B55EEAB00164963 /* Sources */,
				7473B78D1B55EEAB00164963 /* Frameworks */,
				7473B78E1B55EEAB00164963 /* Resources */,
			);
			buildRules = (
			);
			dependencies = (
				7473B7921B55EEAB00164963 /* PBXTargetDependency */,
			);
			name = "LNSwift(3)Tests";
			productName = "LNSwift(3)Tests";
			productReference = 7473B7901B55EEAB00164963 /* LNSwift(3)Tests.xctest */;
			productType = "com.apple.product-type.bundle.unit-test";
		};
/* End PBXNativeTarget section */

/* Begin PBXProject section */
		7473B7731B55EEAB00164963 /* Project object */ = {
			isa = PBXProject;
			attributes = {
				LastUpgradeCheck = 0640;
				ORGANIZATIONNAME = 111;
				TargetAttributes = {
					7473B77A1B55EEAB00164963 = {
						CreatedOnToolsVersion = 6.4;
					};
					7473B78F1B55EEAB00164963 = {
						CreatedOnToolsVersion = 6.4;
						TestTargetID = 7473B77A1B55EEAB00164963;
					};
				};
			};
			buildConfigurationList = 7473B7761B55EEAB00164963 /* Build configuration list for PBXProject "LNSwift(3)" */;
			compatibilityVersion = "Xcode 3.2";
			developmentRegion = English;
			hasScannedForEncodings = 0;
			knownRegions = (
				en,
				Base,
			);
			mainGroup = 7473B7721B55EEAB00164963;
			productRefGroup = 7473B77C1B55EEAB00164963 /* Products */;
			projectDirPath = "";
			projectRoot = "";
			targets = (
				7473B77A1B55EEAB00164963 /* LNSwift(3) */,
				7473B78F1B55EEAB00164963 /* LNSwift(3)Tests */,
			);
		};
/* End PBXProject section */

/* Begin PBXResourcesBuildPhase section */
		7473B7791B55EEAB00164963 /* Resources */ = {
			isa = PBXResourcesBuildPhase;
			buildActionMask = 2147483647;
			files = (
				7473B78B1B55EEAB00164963 /* LaunchScreen.xib in Resources */,
				7473B7881B55EEAB00164963 /* Images.xcassets in Resources */,
				7473B7AB1B55F0EF00164963 /* youji@2x.png in Resources */,
				7473B7A91B55F0EF00164963 /* meishi@2x.png in Resources */,
				7473B7AA1B55F0EF00164963 /* tuijian@2x.png in Resources */,
			);
			runOnlyForDeploymentPostprocessing = 0;
		};
		7473B78E1B55EEAB00164963 /* Resources */ = {
			isa = PBXResourcesBuildPhase;
			buildActionMask = 2147483647;
			files = (
			);
			runOnlyForDeploymentPostprocessing = 0;
		};
/* End PBXResourcesBuildPhase section */

/* Begin PBXSourcesBuildPhase section */
		7473B7771B55EEAB00164963 /* Sources */ = {
			isa = PBXSourcesBuildPhase;
			buildActionMask = 2147483647;
			files = (
				7473B7A31B55F07900164963 /* SecondViewController.swift in Sources */,
				7473B7811B55EEAB00164963 /* AppDelegate.swift in Sources */,
				7473B7A51B55F08600164963 /* ThirdViewController.swift in Sources */,
				7473B7A11B55F06700164963 /* FirstViewController.swift in Sources */,
			);
			runOnlyForDeploymentPostprocessing = 0;
		};
		7473B78C1B55EEAB00164963 /* Sources */ = {
			isa = PBXSourcesBuildPhase;
			buildActionMask = 2147483647;
			files = (
				7473B7971B55EEAB00164963 /* LNSwift_3_Tests.swift in Sources */,
			);
			runOnlyForDeploymentPostprocessing = 0;
		};
/* End PBXSourcesBuildPhase section */

/* Begin PBXTargetDependency section */
		7473B7921B55EEAB00164963 /* PBXTargetDependency */ = {
			isa = PBXTargetDependency;
			target = 7473B77A1B55EEAB00164963 /* LNSwift(3) */;
			targetProxy = 7473B7911B55EEAB00164963 /* PBXContainerItemProxy */;
		};
/* End PBXTargetDependency section */

/* Begin PBXVariantGroup section */
		7473B7891B55EEAB00164963 /* LaunchScreen.xib */ = {
			isa = PBXVariantGroup;
			children = (
				7473B78A1B55EEAB00164963 /* Base */,
			);
			name = LaunchScreen.xib;
			sourceTree = "<group>";
		};
/* End PBXVariantGroup section */

/* Begin XCBuildConfiguration section */
		7473B7981B55EEAB00164963 /* Debug */ = {
			isa = XCBuildConfiguration;
			buildSettings = {
				ALWAYS_SEARCH_USER_PATHS = NO;
				CLANG_CXX_LANGUAGE_STANDARD = "gnu++0x";
				CLANG_CXX_LIBRARY = "libc++";
				CLANG_ENABLE_MODULES = YES;
				CLANG_ENABLE_OBJC_ARC = YES;
				CLANG_WARN_BOOL_CONVERSION = YES;
				CLANG_WARN_CONSTANT_CONVERSION = YES;
				CLANG_WARN_DIRECT_OBJC_ISA_USAGE = YES_ERROR;
				CLANG_WARN_EMPTY_BODY = YES;
				CLANG_WARN_ENUM_CONVERSION = YES;
				CLANG_WARN_INT_CONVERSION = YES;
				CLANG_WARN_OBJC_ROOT_CLASS = YES_ERROR;
				CLANG_WARN_UNREACHABLE_CODE = YES;
				CLANG_WARN__DUPLICATE_METHOD_MATCH = YES;
				"CODE_SIGN_IDENTITY[sdk=iphoneos*]" = "iPhone Developer";
				COPY_PHASE_STRIP = NO;
				DEBUG_INFORMATION_FORMAT = "dwarf-with-dsym";
				ENABLE_STRICT_OBJC_MSGSEND = YES;
				GCC_C_LANGUAGE_STANDARD = gnu99;
				GCC_DYNAMIC_NO_PIC = NO;
				GCC_NO_COMMON_BLOCKS = YES;
				GCC_OPTIMIZATION_LEVEL = 0;
				GCC_PREPROCESSOR_DEFINITIONS = (
					"DEBUG=1",
					"$(inherited)",
				);
				GCC_SYMBOLS_PRIVATE_EXTERN = NO;
				GCC_WARN_64_TO_32_BIT_CONVERSION = YES;
				GCC_WARN_ABOUT_RETURN_TYPE = YES_ERROR;
				GCC_WARN_UNDECLARED_SELECTOR = YES;
				GCC_WARN_UNINITIALIZED_AUTOS = YES_AGGRESSIVE;
				GCC_WARN_UNUSED_FUNCTION = YES;
				GCC_WARN_UNUSED_VARIABLE = YES;
				IPHONEOS_DEPLOYMENT_TARGET = 8.4;
				MTL_ENABLE_DEBUG_INFO = YES;
				ONLY_ACTIVE_ARCH = YES;
				SDKROOT = iphoneos;
				SWIFT_OPTIMIZATION_LEVEL = "-Onone";
			};
			name = Debug;
		};
		7473B7991B55EEAB00164963 /* Release */ = {
			isa = XCBuildConfiguration;
			buildSettings = {
				ALWAYS_SEARCH_USER_PATHS = NO;
				CLANG_CXX_LANGUAGE_STANDARD = "gnu++0x";
				CLANG_CXX_LIBRARY = "libc++";
				CLANG_ENABLE_MODULES = YES;
				CLANG_ENABLE_OBJC_ARC = YES;
				CLANG_WARN_BOOL_CONVERSION = YES;
				CLANG_WARN_CONSTANT_CONVERSION = YES;
				CLANG_WARN_DIRECT_OBJC_ISA_USAGE = YES_ERROR;
				CLANG_WARN_EMPTY_BODY = YES;
				CLANG_WARN_ENUM_CONVERSION = YES;
				CLANG_WARN_INT_CONVERSION = YES;
				CLANG_WARN_OBJC_ROOT_CLASS = YES_ERROR;
				CLANG_WARN_UNREACHABLE_CODE = YES;
				CLANG_WARN__DUPLICATE_METHOD_MATCH = YES;
				"CODE_SIGN_IDENTITY[sdk=iphoneos*]" = "iPhone Developer";
				COPY_PHASE_STRIP = NO;
				DEBUG_INFORMATION_FORMAT = "dwarf-with-dsym";
				ENABLE_NS_ASSERTIONS = NO;
				ENABLE_STRICT_OBJC_MSGSEND = YES;
				GCC_C_LANGUAGE_STANDARD = gnu99;
				GCC_NO_COMMON_BLOCKS = YES;
				GCC_WARN_64_TO_32_BIT_CONVERSION = YES;
				GCC_WARN_ABOUT_RETURN_TYPE = YES_ERROR;
				GCC_WARN_UNDECLARED_SELECTOR = YES;
				GCC_WARN_UNINITIALIZED_AUTOS = YES_AGGRESSIVE;
				GCC_WARN_UNUSED_FUNCTION = YES;
				GCC_WARN_UNUSED_VARIABLE = YES;
				IPHONEOS_DEPLOYMENT_TARGET = 8.4;
				MTL_ENABLE_DEBUG_INFO = NO;
				SDKROOT = iphoneos;
				VALIDATE_PRODUCT = YES;
			};
			name = Release;
		};
		7473B79B1B55EEAB00164963 /* Debug */ = {
			isa = XCBuildConfiguration;
			buildSettings = {
				ASSETCATALOG_COMPILER_APPICON_NAME = AppIcon;
				INFOPLIST_FILE = "LNSwift(3)/Info.plist";
				LD_RUNPATH_SEARCH_PATHS = "$(inherited) @executable_path/Frameworks";
				PRODUCT_NAME = "$(TARGET_NAME)";
			};
			name = Debug;
		};
		7473B79C1B55EEAB00164963 /* Release */ = {
			isa = XCBuildConfiguration;
			buildSettings = {
				ASSETCATALOG_COMPILER_APPICON_NAME = AppIcon;
				INFOPLIST_FILE = "LNSwift(3)/Info.plist";
				LD_RUNPATH_SEARCH_PATHS = "$(inherited) @executable_path/Frameworks";
				PRODUCT_NAME = "$(TARGET_NAME)";
			};
			name = Release;
		};
		7473B79E1B55EEAB00164963 /* Debug */ = {
			isa = XCBuildConfiguration;
			buildSettings = {
				BUNDLE_LOADER = "$(TEST_HOST)";
				FRAMEWORK_SEARCH_PATHS = (
					"$(SDKROOT)/Developer/Library/Frameworks",
					"$(inherited)",
				);
				GCC_PREPROCESSOR_DEFINITIONS = (
					"DEBUG=1",
					"$(inherited)",
				);
				INFOPLIST_FILE = "LNSwift(3)Tests/Info.plist";
				LD_RUNPATH_SEARCH_PATHS = "$(inherited) @executable_path/Frameworks @loader_path/Frameworks";
				PRODUCT_NAME = "$(TARGET_NAME)";
				TEST_HOST = "$(BUILT_PRODUCTS_DIR)/LNSwift(3).app/LNSwift(3)";
			};
			name = Debug;
		};
		7473B79F1B55EEAB00164963 /* Release */ = {
			isa = XCBuildConfiguration;
			buildSettings = {
				BUNDLE_LOADER = "$(TEST_HOST)";
				FRAMEWORK_SEARCH_PATHS = (
					"$(SDKROOT)/Developer/Library/Frameworks",
					"$(inherited)",
				);
				INFOPLIST_FILE = "LNSwift(3)Tests/Info.plist";
				LD_RUNPATH_SEARCH_PATHS = "$(inherited) @executable_path/Frameworks @loader_path/Frameworks";
				PRODUCT_NAME = "$(TARGET_NAME)";
				TEST_HOST = "$(BUILT_PRODUCTS_DIR)/LNSwift(3).app/LNSwift(3)";
			};
			name = Release;
		};
/* End XCBuildConfiguration section */

/* Begin XCConfigurationList section */
		7473B7761B55EEAB00164963 /* Build configuration list for PBXProject "LNSwift(3)" */ = {
			isa = XCConfigurationList;
			buildConfigurations = (
				7473B7981B55EEAB00164963 /* Debug */,
				7473B7991B55EEAB00164963 /* Release */,
			);
			defaultConfigurationIsVisible = 0;
			defaultConfigurationName = Release;
		};
		7473B79A1B55EEAB00164963 /* Build configuration list for PBXNativeTarget "LNSwift(3)" */ = {
			isa = XCConfigurationList;
			buildConfigurations = (
				7473B79B1B55EEAB00164963 /* Debug */,
				7473B79C1B55EEAB00164963 /* Release */,
			);
			defaultConfigurationIsVisible = 0;
		};
		7473B79D1B55EEAB00164963 /* Build configuration list for PBXNativeTarget "LNSwift(3)Tests" */ = {
			isa = XCConfigurationList;
			buildConfigurations = (
				7473B79E1B55EEAB00164963 /* Debug */,
				7473B79F1B55EEAB00164963 /* Release */,
			);
			defaultConfigurationIsVisible = 0;
		};
/* End XCConfigurationList section */
	};
	rootObject = 7473B7731B55EEAB00164963 /* Project object */;
}
